
Microsoft Visual Studio Solution File, Format Version 12.00
# Visual Studio Version 17
VisualStudioVersion = 17.11.35312.102
MinimumVisualStudioVersion = 10.0.40219.1
Project("{FAE04EC0-301F-11D3-BF4B-00C04F79EFBC}") = "bcinema", "bcinema.csproj", "{68C5D372-CBD5-4A61-8E0A-A9E52E95B537}"
EndProject
Global
	GlobalSection(SolutionConfigurationPlatforms) = preSolution
		Debug|Any CPU = Debug|Any CPU
		Release|Any CPU = Release|Any CPU
	EndGlobalSection
	GlobalSection(ProjectConfigurationPlatforms) = postSolution
		{68C5D372-CBD5-4A61-8E0A-A9E52E95B537}.Debug|Any CPU.ActiveCfg = Debug|Any CPU
		{68C5D372-CBD5-4A61-8E0A-A9E52E95B537}.Debug|Any CPU.Build.0 = Debug|Any CPU
		{68C5D372-CBD5-4A61-8E0A-A9E52E95B537}.Release|Any CPU.ActiveCfg = Release|Any CPU
		{68C5D372-CBD5-4A61-8E0A-A9E52E95B537}.Release|Any CPU.Build.0 = Release|Any CPU
	EndGlobalSection
	GlobalSection(SolutionProperties) = preSolution
		HideSolutionNode = FALSE
	EndGlobalSection
	GlobalSection(ExtensibilityGlobals) = postSolution
		SolutionGuid = {53A041D2-CE24-40BD-BD51-F75EB2F2B0F9}
	EndGlobalSection
EndGlobal
